
Microsoft Visual Studio Solution File, Format Version 12.00
# Visual Studio Version 16
VisualStudioVersion = 16.0.29519.87
MinimumVisualStudioVersion = 10.0.40219.1
Project("{9A19103F-16F7-4668-BE54-9A1E7A4F7556}") = "DatingApp.Api", "..\DatingApp.Api\DatingApp.Api.csproj", "{6B493171-BD03-4829-9A62-09B70DA800D6}"
EndProject
Global
	GlobalSection(SolutionConfigurationPlatforms) = preSolution
		Debug|Any CPU = Debug|Any CPU
		Release|Any CPU = Release|Any CPU
	EndGlobalSection
	GlobalSection(ProjectConfigurationPlatforms) = postSolution
		{6B493171-BD03-4829-9A62-09B70DA800D6}.Debug|Any CPU.ActiveCfg = Debug|Any CPU
		{6B493171-BD03-4829-9A62-09B70DA800D6}.Debug|Any CPU.Build.0 = Debug|Any CPU
		{6B493171-BD03-4829-9A62-09B70DA800D6}.Release|Any CPU.ActiveCfg = Release|Any CPU
		{6B493171-BD03-4829-9A62-09B70DA800D6}.Release|Any CPU.Build.0 = Release|Any CPU
	EndGlobalSection
	GlobalSection(SolutionProperties) = preSolution
		HideSolutionNode = FALSE
	EndGlobalSection
	GlobalSection(ExtensibilityGlobals) = postSolution
		SolutionGuid = {92162781-6D17-49D3-B14E-672749A220A6}
	EndGlobalSection
EndGlobal
